
Microsoft Visual Studio Solution File, Format Version 12.00
# Visual Studio Version 17
VisualStudioVersion = 17.5.33530.505
MinimumVisualStudioVersion = 10.0.40219.1
Project("{FAE04EC0-301F-11D3-BF4B-00C04F79EFBC}") = "WindowsFormsApp1", "WindowsFormsApp1\WindowsFormsApp1.csproj", "{F1A53524-3EB6-4F77-AE1A-EE7D18C0E844}"
EndProject
Global
	GlobalSection(SolutionConfigurationPlatforms) = preSolution
		Debug|Any CPU = Debug|Any CPU
		Release|Any CPU = Release|Any CPU
	EndGlobalSection
	GlobalSection(ProjectConfigurationPlatforms) = postSolution
		{F1A53524-3EB6-4F77-AE1A-EE7D18C0E844}.Debug|Any CPU.ActiveCfg = Debug|Any CPU
		{F1A53524-3EB6-4F77-AE1A-EE7D18C0E844}.Debug|Any CPU.Build.0 = Debug|Any CPU
		{F1A53524-3EB6-4F77-AE1A-EE7D18C0E844}.Release|Any CPU.ActiveCfg = Release|Any CPU
		{F1A53524-3EB6-4F77-AE1A-EE7D18C0E844}.Release|Any CPU.Build.0 = Release|Any CPU
	EndGlobalSection
	GlobalSection(SolutionProperties) = preSolution
		HideSolutionNode = FALSE
	EndGlobalSection
	GlobalSection(ExtensibilityGlobals) = postSolution
		SolutionGuid = {7A811EB3-B298-47BC-8EAF-A7BFC6ED0486}
	EndGlobalSection
EndGlobal
